
Microsoft Visual Studio Solution File, Format Version 12.00
# Visual Studio Version 17
VisualStudioVersion = 17.11.35327.3
MinimumVisualStudioVersion = 10.0.40219.1
Project("{9A19103F-16F7-4668-BE54-9A1E7A4F7556}") = "VoteSharp.Web", "VoteSharp.Web\VoteSharp.Web.csproj", "{0B32E678-22F0-4642-8464-9D9AF349E58C}"
EndProject
Project("{FAE04EC0-301F-11D3-BF4B-00C04F79EFBC}") = "VoteSharp.Application", "VoteSharp.Application\VoteSharp.Application.csproj", "{B7CD7A42-7E54-4C54-8951-19E9208D2185}"
EndProject
Project("{FAE04EC0-301F-11D3-BF4B-00C04F79EFBC}") = "VoteSharp.Domain", "VoteSharp.Domain\VoteSharp.Domain.csproj", "{F2B6B932-AD02-46F9-9157-A009721F86F2}"
EndProject
Project("{FAE04EC0-301F-11D3-BF4B-00C04F79EFBC}") = "VoteSharp.Infrastructure", "VoteSharp.Infrastructure\VoteSharp.Infrastructure.csproj", "{F6DD61CD-F5D2-4A7D-8CCC-B4FFD0E822B2}"
EndProject
Project("{2150E333-8FDC-42A3-9474-1A3956D46DE8}") = "Solution Items", "Solution Items", "{67BDDD86-0499-4468-A9DA-701898983E0C}"
	ProjectSection(SolutionItems) = preProject
		.editorconfig = .editorconfig
	EndProjectSection
EndProject
Global
	GlobalSection(SolutionConfigurationPlatforms) = preSolution
		Debug|Any CPU = Debug|Any CPU
		Release|Any CPU = Release|Any CPU
	EndGlobalSection
	GlobalSection(ProjectConfigurationPlatforms) = postSolution
		{0B32E678-22F0-4642-8464-9D9AF349E58C}.Debug|Any CPU.ActiveCfg = Debug|Any CPU
		{0B32E678-22F0-4642-8464-9D9AF349E58C}.Debug|Any CPU.Build.0 = Debug|Any CPU
		{0B32E678-22F0-4642-8464-9D9AF349E58C}.Release|Any CPU.ActiveCfg = Release|Any CPU
		{0B32E678-22F0-4642-8464-9D9AF349E58C}.Release|Any CPU.Build.0 = Release|Any CPU
		{B7CD7A42-7E54-4C54-8951-19E9208D2185}.Debug|Any CPU.ActiveCfg = Debug|Any CPU
		{B7CD7A42-7E54-4C54-8951-19E9208D2185}.Debug|Any CPU.Build.0 = Debug|Any CPU
		{B7CD7A42-7E54-4C54-8951-19E9208D2185}.Release|Any CPU.ActiveCfg = Release|Any CPU
		{B7CD7A42-7E54-4C54-8951-19E9208D2185}.Release|Any CPU.Build.0 = Release|Any CPU
		{F2B6B932-AD02-46F9-9157-A009721F86F2}.Debug|Any CPU.ActiveCfg = Debug|Any CPU
		{F2B6B932-AD02-46F9-9157-A009721F86F2}.Debug|Any CPU.Build.0 = Debug|Any CPU
		{F2B6B932-AD02-46F9-9157-A009721F86F2}.Release|Any CPU.ActiveCfg = Release|Any CPU
		{F2B6B932-AD02-46F9-9157-A009721F86F2}.Release|Any CPU.Build.0 = Release|Any CPU
		{F6DD61CD-F5D2-4A7D-8CCC-B4FFD0E822B2}.Debug|Any CPU.ActiveCfg = Debug|Any CPU
		{F6DD61CD-F5D2-4A7D-8CCC-B4FFD0E822B2}.Debug|Any CPU.Build.0 = Debug|Any CPU
		{F6DD61CD-F5D2-4A7D-8CCC-B4FFD0E822B2}.Release|Any CPU.ActiveCfg = Release|Any CPU
		{F6DD61CD-F5D2-4A7D-8CCC-B4FFD0E822B2}.Release|Any CPU.Build.0 = Release|Any CPU
	EndGlobalSection
	GlobalSection(SolutionProperties) = preSolution
		HideSolutionNode = FALSE
	EndGlobalSection
	GlobalSection(ExtensibilityGlobals) = postSolution
		SolutionGuid = {97F2DD42-9A99-4DC6-9F32-8B4C223E0D5E}
	EndGlobalSection
EndGlobal
